# @generated - this file is auto-generated by `mise lock` https://mise.en.dev/dev-tools/mise-lock.html

[[tools.hadolint]]
version = "2.14.0"
backend = "aqua:hadolint/hadolint"

[tools.hadolint."platforms.linux-arm64"]
checksum = "sha256:331f1d3511b84a4f1e3d18d52fec284723e4019552f4f47b19322a53ce9a40ed"
url = "https://github.com/hadolint/hadolint/releases/download/v2.14.0/hadolint-linux-arm64"

[tools.hadolint."platforms.linux-arm64-musl"]
checksum = "sha256:331f1d3511b84a4f1e3d18d52fec284723e4019552f4f47b19322a53ce9a40ed"
url = "https://github.com/hadolint/hadolint/releases/download/v2.14.0/hadolint-linux-arm64"

[tools.hadolint."platforms.linux-x64"]
checksum = "sha256:6bf226944684f56c84dd014e8b979d27425c0148f61b3bd99bcc6f39e9dc5a47"
url = "https://github.com/hadolint/hadolint/releases/download/v2.14.0/hadolint-linux-x86_64"

[tools.hadolint."platforms.linux-x64-musl"]
checksum = "sha256:6bf226944684f56c84dd014e8b979d27425c0148f61b3bd99bcc6f39e9dc5a47"
url = "https://github.com/hadolint/hadolint/releases/download/v2.14.0/hadolint-linux-x86_64"

[tools.hadolint."platforms.macos-arm64"]
checksum = "sha256:3625e2e9f43dcfe7bd38738a5f5520ed50ce39ed28485266e6803dd7bc197b10"
url = "https://github.com/hadolint/hadolint/releases/download/v2.14.0/hadolint-macos-arm64"

[tools.hadolint."platforms.macos-x64"]
checksum = "sha256:2b69a853433f1eca522ffb921cd490bd1321424d03331fd8390f93b7fb4a02e9"
url = "https://github.com/hadolint/hadolint/releases/download/v2.14.0/hadolint-macos-x86_64"

[tools.hadolint."platforms.windows-x64"]
checksum = "sha256:8e0ee174f88edb14f207a68430c7a53c2883ed509cdbde9a3a26fffa140fa5e4"
url = "https://github.com/hadolint/hadolint/releases/download/v2.14.0/hadolint-windows-x86_64.exe"

[[tools.node]]
version = "24.16.0"
backend = "core:node"

[tools.node."platforms.linux-arm64"]
checksum = "sha256:589f5b6dd4fcfee4dfda73013903c966abaa8abd93dbc9d436544e472b4f0e74"
url = "https://nodejs.org/dist/v24.16.0/node-v24.16.0-linux-arm64.tar.gz"

[tools.node."platforms.linux-arm64-musl"]
checksum = "sha256:85dde27aa73503b03dadfa0410a800067b4e3f702fb7fcaa3beaf284dfcc69e9"
url = "https://unofficial-builds.nodejs.org/download/release/v24.16.0/node-v24.16.0-linux-arm64-musl.tar.gz"

[tools.node."platforms.linux-x64"]
checksum = "sha256:2faf6a387e9b62b888e21c54f01249fb27537ffecf1842f29f4c919d0a59a0ff"
url = "https://nodejs.org/dist/v24.16.0/node-v24.16.0-linux-x64.tar.gz"

[tools.node."platforms.linux-x64-musl"]
checksum = "sha256:50df5d8d474892d4f7b906167df36f77f5b93908f63dc532dc568219cab65841"
url = "https://unofficial-builds.nodejs.org/download/release/v24.16.0/node-v24.16.0-linux-x64-musl.tar.gz"

[tools.node."platforms.macos-arm64"]
checksum = "sha256:39189dab4eeb15706c424af0ac08a3044c9e48f7db12a7d77f6b7aafc7dd5df6"
url = "https://nodejs.org/dist/v24.16.0/node-v24.16.0-darwin-arm64.tar.gz"

[tools.node."platforms.macos-x64"]
checksum = "sha256:298b4c7b3cb80765c8703e42b90324a4ece3b6634947b89e769c3c980ab55185"
url = "https://nodejs.org/dist/v24.16.0/node-v24.16.0-darwin-x64.tar.gz"

[tools.node."platforms.windows-x64"]
checksum = "sha256:edaca9bd58ec8e92037dac4e877d52f6b8f430b81c18b57e264b4e2fb111cd56"
url = "https://nodejs.org/dist/v24.16.0/node-v24.16.0-win-x64.zip"

[[tools.pnpm]]
version = "11.3.0"
backend = "aqua:pnpm/pnpm"

[tools.pnpm."platforms.linux-arm64"]
checksum = "sha256:383f644f50667e9c1752791173d274ba414117262b09c1b027c2d297bf520662"
url = "https://github.com/pnpm/pnpm/releases/download/v11.3.0/pnpm-linux-arm64.tar.gz"
provenance = "github-attestations"

[tools.pnpm."platforms.linux-arm64-musl"]
checksum = "sha256:b489128f5e9a6ef56c1c5ff02c03118635bef7726ef9bb2d44e0ccd16d191883"
url = "https://github.com/pnpm/pnpm/releases/download/v11.3.0/pnpm-linux-arm64-musl.tar.gz"
provenance = "github-attestations"

[tools.pnpm."platforms.linux-x64"]
checksum = "sha256:6eb506b53297eb1186ba0cbff1577bb26d17713835a01a5342dcafae550827ce"
url = "https://github.com/pnpm/pnpm/releases/download/v11.3.0/pnpm-linux-x64.tar.gz"
provenance = "github-attestations"

[tools.pnpm."platforms.linux-x64-musl"]
checksum = "sha256:d728c510e04ac218091ce5dc591b28706bb154a14bd9741a146a0defd3ad466b"
url = "https://github.com/pnpm/pnpm/releases/download/v11.3.0/pnpm-linux-x64-musl.tar.gz"
provenance = "github-attestations"

[tools.pnpm."platforms.macos-arm64"]
checksum = "sha256:788958f77b44d7ac05f05f08ccdd520f1b2253d834df2a5eb0cf5ab9b84d40f6"
url = "https://github.com/pnpm/pnpm/releases/download/v11.3.0/pnpm-darwin-arm64.tar.gz"
provenance = "github-attestations"

[tools.pnpm."platforms.windows-x64"]
checksum = "sha256:1264caa0dcad06849cfd04b939f19a64c5349d5dd49f14dadbc06703c6e42653"
url = "https://github.com/pnpm/pnpm/releases/download/v11.3.0/pnpm-win32-x64.zip"
provenance = "github-attestations"

[[tools.python]]
version = "3.14.4"
backend = "core:python"

[tools.python."platforms.linux-arm64"]
checksum = "sha256:b8b597fdb2f8dccdc502c11947b60a4b65eb6bce79cfa60c7ccf9b6e8352c60a"
url = "https://github.com/astral-sh/python-build-standalone/releases/download/20260414/cpython-3.14.4+20260414-aarch64-unknown-linux-gnu-install_only_stripped.tar.gz"
provenance = "github-attestations"

[tools.python."platforms.linux-arm64-musl"]
checksum = "sha256:a10687b226e0941632569836bc1d8fa6353a8e3e8424316467ca9cdf220b983d"
url = "https://github.com/astral-sh/python-build-standalone/releases/download/20260414/cpython-3.14.4+20260414-aarch64-unknown-linux-musl-install_only_stripped.tar.gz"
provenance = "github-attestations"

[tools.python."platforms.linux-x64"]
checksum = "sha256:fe9a9c32d13870af632cbac3dfc7528ae53597e94472aa4c7d6a42e8166136cd"
url = "https://github.com/astral-sh/python-build-standalone/releases/download/20260414/cpython-3.14.4+20260414-x86_64-unknown-linux-gnu-install_only_stripped.tar.gz"
provenance = "github-attestations"

[tools.python."platforms.linux-x64-musl"]
checksum = "sha256:d6005226cd24e780630626232c7a63243d4885fdf975dcf930a0758a0759ce14"
url = "https://github.com/astral-sh/python-build-standalone/releases/download/20260414/cpython-3.14.4+20260414-x86_64-unknown-linux-musl-install_only_stripped.tar.gz"
provenance = "github-attestations"

[tools.python."platforms.macos-arm64"]
checksum = "sha256:6f304f4ec30854611f23316578302235fb517cd970519ecdd11a8c4db87fd843"
url = "https://github.com/astral-sh/python-build-standalone/releases/download/20260414/cpython-3.14.4+20260414-aarch64-apple-darwin-install_only_stripped.tar.gz"
provenance = "github-attestations"

[tools.python."platforms.macos-x64"]
checksum = "sha256:d51250a32fa5d9f0799c7bcb71720c27b10a3afd4a7de288120f96085d508a5a"
url = "https://github.com/astral-sh/python-build-standalone/releases/download/20260414/cpython-3.14.4+20260414-x86_64-apple-darwin-install_only_stripped.tar.gz"
provenance = "github-attestations"

[tools.python."platforms.windows-x64"]
checksum = "sha256:a976991dcd085c1bb5d9a8084823a6bc8b7f9b079d8c432574a6ddd68c3a6fe1"
url = "https://github.com/astral-sh/python-build-standalone/releases/download/20260414/cpython-3.14.4+20260414-x86_64-pc-windows-msvc-install_only_stripped.tar.gz"
provenance = "github-attestations"

[[tools.task]]
version = "3.51.1"
backend = "aqua:go-task/task"

[tools.task."platforms.linux-arm64"]
checksum = "sha256:49c58bb00eff2449a5553f3b3e694fc424e0dc04d5c669d8831126daee1000f8"
url = "https://github.com/go-task/task/releases/download/v3.51.1/task_linux_arm64.tar.gz"

[tools.task."platforms.linux-arm64-musl"]
checksum = "sha256:49c58bb00eff2449a5553f3b3e694fc424e0dc04d5c669d8831126daee1000f8"
url = "https://github.com/go-task/task/releases/download/v3.51.1/task_linux_arm64.tar.gz"

[tools.task."platforms.linux-x64"]
checksum = "sha256:da7e92f0ff961ef2aae7cfecbad8d1fd2a08d7b09ba968673adf7ff389b243b5"
url = "https://github.com/go-task/task/releases/download/v3.51.1/task_linux_amd64.tar.gz"

[tools.task."platforms.linux-x64-musl"]
checksum = "sha256:da7e92f0ff961ef2aae7cfecbad8d1fd2a08d7b09ba968673adf7ff389b243b5"
url = "https://github.com/go-task/task/releases/download/v3.51.1/task_linux_amd64.tar.gz"

[tools.task."platforms.macos-arm64"]
checksum = "sha256:a0330f0df20dd1187e323f284a7f365c0ea1f2f271c1e154811e9fc4724bed13"
url = "https://github.com/go-task/task/releases/download/v3.51.1/task_darwin_arm64.tar.gz"

[tools.task."platforms.macos-x64"]
checksum = "sha256:08b0a2107c56940e1fc7be15ebd5999f28a867925cfcd619393f8075fef67409"
url = "https://github.com/go-task/task/releases/download/v3.51.1/task_darwin_amd64.tar.gz"

[tools.task."platforms.windows-x64"]
checksum = "sha256:422d79dff5afd5a55fb46ae1cfacc7350ec96d4ef27a63a3ec77a5c30a7b0f03"
url = "https://github.com/go-task/task/releases/download/v3.51.1/task_windows_amd64.zip"

[[tools.typos]]
version = "1.46.3"
backend = "aqua:crate-ci/typos"

[tools.typos."platforms.linux-arm64"]
checksum = "sha256:3cbc11f8f476e07d8cef3dbd5c898d4e800b6c8a03c292ca4e0e571265958491"
url = "https://github.com/crate-ci/typos/releases/download/v1.46.3/typos-v1.46.3-aarch64-unknown-linux-musl.tar.gz"

[tools.typos."platforms.linux-arm64-musl"]
checksum = "sha256:3cbc11f8f476e07d8cef3dbd5c898d4e800b6c8a03c292ca4e0e571265958491"
url = "https://github.com/crate-ci/typos/releases/download/v1.46.3/typos-v1.46.3-aarch64-unknown-linux-musl.tar.gz"

[tools.typos."platforms.linux-x64"]
checksum = "sha256:a8b422b8ed79de732a31a705a9899e0a29124f8dc2f0a0f54dc127154ceb3b93"
url = "https://github.com/crate-ci/typos/releases/download/v1.46.3/typos-v1.46.3-x86_64-unknown-linux-musl.tar.gz"

[tools.typos."platforms.linux-x64-musl"]
checksum = "sha256:a8b422b8ed79de732a31a705a9899e0a29124f8dc2f0a0f54dc127154ceb3b93"
url = "https://github.com/crate-ci/typos/releases/download/v1.46.3/typos-v1.46.3-x86_64-unknown-linux-musl.tar.gz"

[tools.typos."platforms.macos-arm64"]
checksum = "sha256:503d4b0b2035d96fb286b5dc8594bda6a587cc76c1ad1022aa36a2634d42ae4b"
url = "https://github.com/crate-ci/typos/releases/download/v1.46.3/typos-v1.46.3-aarch64-apple-darwin.tar.gz"

[tools.typos."platforms.macos-x64"]
checksum = "sha256:70da5d5753674df9411e9df417380bb085acb6dc5e140b4c4799443db4dee407"
url = "https://github.com/crate-ci/typos/releases/download/v1.46.3/typos-v1.46.3-x86_64-apple-darwin.tar.gz"

[tools.typos."platforms.windows-x64"]
checksum = "sha256:612c427950ad2d1939e8284f4d6af42d9ea5d185e98d535977d1ba94b0f14fdc"
url = "https://github.com/crate-ci/typos/releases/download/v1.46.3/typos-v1.46.3-x86_64-pc-windows-msvc.zip"

[[tools.uv]]
version = "0.11.16"
backend = "aqua:astral-sh/uv"

[tools.uv."platforms.linux-arm64"]
checksum = "sha256:ac022d96411143b9a2dd75ea711fa8dd4cd14538bf248f2e5df3c10a80f7f6a4"
url = "https://github.com/astral-sh/uv/releases/download/0.11.16/uv-aarch64-unknown-linux-musl.tar.gz"
provenance = "github-attestations"

[tools.uv."platforms.linux-arm64-musl"]
checksum = "sha256:ac022d96411143b9a2dd75ea711fa8dd4cd14538bf248f2e5df3c10a80f7f6a4"
url = "https://github.com/astral-sh/uv/releases/download/0.11.16/uv-aarch64-unknown-linux-musl.tar.gz"
provenance = "github-attestations"

[tools.uv."platforms.linux-x64"]
checksum = "sha256:1bc4be1be0a000f893b0d1db97906cf392b63fa22fda9a0ecf33d0d4bbb4bc9a"
url = "https://github.com/astral-sh/uv/releases/download/0.11.16/uv-x86_64-unknown-linux-musl.tar.gz"
provenance = "github-attestations"

[tools.uv."platforms.linux-x64-musl"]
checksum = "sha256:1bc4be1be0a000f893b0d1db97906cf392b63fa22fda9a0ecf33d0d4bbb4bc9a"
url = "https://github.com/astral-sh/uv/releases/download/0.11.16/uv-x86_64-unknown-linux-musl.tar.gz"
provenance = "github-attestations"

[tools.uv."platforms.macos-arm64"]
checksum = "sha256:2b25be1af546be330b340b0a76b99f989daa6d92678fdffb87438e661e9d88fb"
url = "https://github.com/astral-sh/uv/releases/download/0.11.16/uv-aarch64-apple-darwin.tar.gz"
provenance = "github-attestations"

[tools.uv."platforms.macos-x64"]
checksum = "sha256:6b91ae3de155f51bd1f5b74814821c79f016a176561f252cd9ddfb976939af2e"
url = "https://github.com/astral-sh/uv/releases/download/0.11.16/uv-x86_64-apple-darwin.tar.gz"
provenance = "github-attestations"

[tools.uv."platforms.windows-x64"]
checksum = "sha256:dd9d6d6554bfab265bfa98aa8e8a406c5c3a7b97582f93de1f4d48d9154a0395"
url = "https://github.com/astral-sh/uv/releases/download/0.11.16/uv-x86_64-pc-windows-msvc.zip"
provenance = "github-attestations"
